
Microsoft Visual Studio Solution File, Format Version 12.00
# Visual Studio 15
VisualStudioVersion = 15.0.28010.2046
MinimumVisualStudioVersion = 10.0.40219.1
Project("{F184B08F-C81C-45F6-A57F-5ABD9991F28F}") = "lb7", "lb7\lb7.vbproj", "{C3B32887-096A-40B7-B392-37006D136823}"
EndProject
Global
	GlobalSection(SolutionConfigurationPlatforms) = preSolution
		Debug|Any CPU = Debug|Any CPU
		Release|Any CPU = Release|Any CPU
	EndGlobalSection
	GlobalSection(ProjectConfigurationPlatforms) = postSolution
		{C3B32887-096A-40B7-B392-37006D136823}.Debug|Any CPU.ActiveCfg = Debug|Any CPU
		{C3B32887-096A-40B7-B392-37006D136823}.Debug|Any CPU.Build.0 = Debug|Any CPU
		{C3B32887-096A-40B7-B392-37006D136823}.Release|Any CPU.ActiveCfg = Release|Any CPU
		{C3B32887-096A-40B7-B392-37006D136823}.Release|Any CPU.Build.0 = Release|Any CPU
	EndGlobalSection
	GlobalSection(SolutionProperties) = preSolution
		HideSolutionNode = FALSE
	EndGlobalSection
	GlobalSection(ExtensibilityGlobals) = postSolution
		SolutionGuid = {2265439C-016F-412E-80B4-9442810E1143}
	EndGlobalSection
EndGlobal
